
Microsoft Visual Studio Solution File, Format Version 12.00
# Visual Studio Version 17
VisualStudioVersion = 17.11.35431.28
MinimumVisualStudioVersion = 10.0.40219.1
Project("{FAE04EC0-301F-11D3-BF4B-00C04F79EFBC}") = "CrudApplicationWithMysql", "CrudApplicationWithMysql\CrudApplicationWithMysql.csproj", "{C6837E4D-484B-4380-AFFA-BC4486C832C0}"
EndProject
Global
	GlobalSection(SolutionConfigurationPlatforms) = preSolution
		Debug|Any CPU = Debug|Any CPU
		Release|Any CPU = Release|Any CPU
	EndGlobalSection
	GlobalSection(ProjectConfigurationPlatforms) = postSolution
		{C6837E4D-484B-4380-AFFA-BC4486C832C0}.Debug|Any CPU.ActiveCfg = Debug|Any CPU
		{C6837E4D-484B-4380-AFFA-BC4486C832C0}.Debug|Any CPU.Build.0 = Debug|Any CPU
		{C6837E4D-484B-4380-AFFA-BC4486C832C0}.Release|Any CPU.ActiveCfg = Release|Any CPU
		{C6837E4D-484B-4380-AFFA-BC4486C832C0}.Release|Any CPU.Build.0 = Release|Any CPU
	EndGlobalSection
	GlobalSection(SolutionProperties) = preSolution
		HideSolutionNode = FALSE
	EndGlobalSection
	GlobalSection(ExtensibilityGlobals) = postSolution
		SolutionGuid = {03C2A174-709F-41E6-BFC0-7E8E32DBEDC9}
	EndGlobalSection
EndGlobal
